
Microsoft Visual Studio Solution File, Format Version 12.00
# Visual Studio Version 16
VisualStudioVersion = 16.0.31515.178
MinimumVisualStudioVersion = 10.0.40219.1
Project("{FAE04EC0-301F-11D3-BF4B-00C04F79EFBC}") = "EsCustomer.Android", "EsCustomer\EsCustomer.Android\EsCustomer.Android.csproj", "{C2A85D15-52E2-408E-8F8B-3D206D600CDD}"
EndProject
Project("{FAE04EC0-301F-11D3-BF4B-00C04F79EFBC}") = "EsCustomer", "EsCustomer\EsCustomer\EsCustomer.csproj", "{99C5643B-D8E5-47DA-BE9D-995A0C27B01C}"
EndProject
Global
	GlobalSection(SolutionConfigurationPlatforms) = preSolution
		Debug|Any CPU = Debug|Any CPU
		Release|Any CPU = Release|Any CPU
	EndGlobalSection
	GlobalSection(ProjectConfigurationPlatforms) = postSolution
		{C2A85D15-52E2-408E-8F8B-3D206D600CDD}.Debug|Any CPU.ActiveCfg = Debug|Any CPU
		{C2A85D15-52E2-408E-8F8B-3D206D600CDD}.Debug|Any CPU.Build.0 = Debug|Any CPU
		{C2A85D15-52E2-408E-8F8B-3D206D600CDD}.Debug|Any CPU.Deploy.0 = Debug|Any CPU
		{C2A85D15-52E2-408E-8F8B-3D206D600CDD}.Release|Any CPU.ActiveCfg = Release|Any CPU
		{C2A85D15-52E2-408E-8F8B-3D206D600CDD}.Release|Any CPU.Build.0 = Release|Any CPU
		{C2A85D15-52E2-408E-8F8B-3D206D600CDD}.Release|Any CPU.Deploy.0 = Release|Any CPU
		{99C5643B-D8E5-47DA-BE9D-995A0C27B01C}.Debug|Any CPU.ActiveCfg = Debug|Any CPU
		{99C5643B-D8E5-47DA-BE9D-995A0C27B01C}.Debug|Any CPU.Build.0 = Debug|Any CPU
		{99C5643B-D8E5-47DA-BE9D-995A0C27B01C}.Debug|Any CPU.Deploy.0 = Debug|Any CPU
		{99C5643B-D8E5-47DA-BE9D-995A0C27B01C}.Release|Any CPU.ActiveCfg = Release|Any CPU
		{99C5643B-D8E5-47DA-BE9D-995A0C27B01C}.Release|Any CPU.Build.0 = Release|Any CPU
		{99C5643B-D8E5-47DA-BE9D-995A0C27B01C}.Release|Any CPU.Deploy.0 = Release|Any CPU
	EndGlobalSection
	GlobalSection(SolutionProperties) = preSolution
		HideSolutionNode = FALSE
	EndGlobalSection
	GlobalSection(ExtensibilityGlobals) = postSolution
		SolutionGuid = {4E91F0A6-2BD9-4341-BEEA-4E8F9D7F01A8}
	EndGlobalSection
EndGlobal
